// !$*UTF8*$!
{
	archiveVersion = 1;
	classes = {
	};
	objectVersion = 55;
	objects = {

/* Begin PBXBuildFile section */
		2E2FE58A27F4175200938F33 /* CarDrivingRecordApp.swift in Sources */ = {isa = PBXBuildFile; fileRef = 2E2FE58927F4175200938F33 /* CarDrivingRecordApp.swift */; };
		2E2FE58C27F4175200938F33 /* ContentView.swift in Sources */ = {isa = PBXBuildFile; fileRef = 2E2FE58B27F4175200938F33 /* ContentView.swift */; };
		2E2FE58E27F4175400938F33 /* Assets.xcassets in Resources */ = {isa = PBXBuildFile; fileRef = 2E2FE58D27F4175400938F33 /* Assets.xcassets */; };
		2E2FE59127F4175400938F33 /* Preview Assets.xcassets in Resources */ = {isa = PBXBuildFile; fileRef = 2E2FE59027F4175400938F33 /* Preview Assets.xcassets */; };
		2E2FE59827F417C400938F33 /* LocationService.swift in Sources */ = {isa = PBXBuildFile; fileRef = 2E2FE59727F417C400938F33 /* LocationService.swift */; };
		2E2FE59D27F41BF500938F33 /* ViewModel.swift in Sources */ = {isa = PBXBuildFile; fileRef = 2E2FE59C27F41BF500938F33 /* ViewModel.swift */; };
		2E2FE5BB27F42D6300938F33 /* SpeedRecordView.swift in Sources */ = {isa = PBXBuildFile; fileRef = 2E2FE5BA27F42D6300938F33 /* SpeedRecordView.swift */; };
		2E2FE5BD27F42F7A00938F33 /* Model.swift in Sources */ = {isa = PBXBuildFile; fileRef = 2E2FE5BC27F42F7A00938F33 /* Model.swift */; };
		2E5A4C4427F456E50058AA1B /* SwiftUICharts in Frameworks */ = {isa = PBXBuildFile; productRef = 2E5A4C4327F456E50058AA1B /* SwiftUICharts */; };
/* End PBXBuildFile section */

/* Begin PBXFileReference section */
		2E2FE58627F4175200938F33 /* CarDrivingRecord.app */ = {isa = PBXFileReference; explicitFileType = wrapper.application; includeInIndex = 0; path = CarDrivingRecord.app; sourceTree = BUILT_PRODUCTS_DIR; };
		2E2FE58927F4175200938F33 /* CarDrivingRecordApp.swift */ = {isa = PBXFileReference; lastKnownFileType = sourcecode.swift; path = CarDrivingRecordApp.swift; sourceTree = "<group>"; };
		2E2FE58B27F4175200938F33 /* ContentView.swift */ = {isa = PBXFileReference; lastKnownFileType = sourcecode.swift; path = ContentView.swift; sourceTree = "<group>"; };
		2E2FE58D27F4175400938F33 /* Assets.xcassets */ = {isa = PBXFileReference; lastKnownFileType = folder.assetcatalog; path = Assets.xcassets; sourceTree = "<group>"; };
		2E2FE59027F4175400938F33 /* Preview Assets.xcassets */ = {isa = PBXFileReference; lastKnownFileType = folder.assetcatalog; path = "Preview Assets.xcassets"; sourceTree = "<group>"; };
		2E2FE59727F417C400938F33 /* LocationService.swift */ = {isa = PBXFileReference; lastKnownFileType = sourcecode.swift; path = LocationService.swift; sourceTree = "<group>"; };
		2E2FE59B27F41B6E00938F33 /* Info.plist */ = {isa = PBXFileReference; lastKnownFileType = text.plist; path = Info.plist; sourceTree = "<group>"; };
		2E2FE59C27F41BF500938F33 /* ViewModel.swift */ = {isa = PBXFileReference; lastKnownFileType = sourcecode.swift; path = ViewModel.swift; sourceTree = "<group>"; };
		2E2FE5BA27F42D6300938F33 /* SpeedRecordView.swift */ = {isa = PBXFileReference; lastKnownFileType = sourcecode.swift; path = SpeedRecordView.swift; sourceTree = "<group>"; };
		2E2FE5BC27F42F7A00938F33 /* Model.swift */ = {isa = PBXFileReference; lastKnownFileType = sourcecode.swift; path = Model.swift; sourceTree = "<group>"; };
/* End PBXFileReference section */

/* Begin PBXFrameworksBuildPhase section */
		2E2FE58327F4175200938F33 /* Frameworks */ = {
			isa = PBXFrameworksBuildPhase;
			buildActionMask = 2147483647;
			files = (
				2E5A4C4427F456E50058AA1B /* SwiftUICharts in Frameworks */,
			);
			runOnlyForDeploymentPostprocessing = 0;
		};
/* End PBXFrameworksBuildPhase section */

/* Begin PBXGroup section */
		2E2FE57D27F4175200938F33 = {
			isa = PBXGroup;
			children = (
				2E2FE58827F4175200938F33 /* CarDrivingRecord */,
				2E2FE58727F4175200938F33 /* Products */,
			);
			sourceTree = "<group>";
		};
		2E2FE58727F4175200938F33 /* Products */ = {
			isa = PBXGroup;
			children = (
				2E2FE58627F4175200938F33 /* CarDrivingRecord.app */,
			);
			name = Products;
			sourceTree = "<group>";
		};
		2E2FE58827F4175200938F33 /* CarDrivingRecord */ = {
			isa = PBXGroup;
			children = (
				2E2FE59B27F41B6E00938F33 /* Info.plist */,
				2E2FE58927F4175200938F33 /* CarDrivingRecordApp.swift */,
				2E2FE59927F41B4400938F33 /* Model */,
				2E2FE59A27F41B4D00938F33 /* View */,
				2E2FE58D27F4175400938F33 /* Assets.xcassets */,
				2E2FE58F27F4175400938F33 /* Preview Content */,
			);
			path = CarDrivingRecord;
			sourceTree = "<group>";
		};
		2E2FE58F27F4175400938F33 /* Preview Content */ = {
			isa = PBXGroup;
			children = (
				2E2FE59027F4175400938F33 /* Preview Assets.xcassets */,
			);
			path = "Preview Content";
			sourceTree = "<group>";
		};
		2E2FE59927F41B4400938F33 /* Model */ = {
			isa = PBXGroup;
			children = (
				2E2FE59727F417C400938F33 /* LocationService.swift */,
				2E2FE59C27F41BF500938F33 /* ViewModel.swift */,
				2E2FE5BC27F42F7A00938F33 /* Model.swift */,
			);
			path = Model;
			sourceTree = "<group>";
		};
		2E2FE59A27F41B4D00938F33 /* View */ = {
			isa = PBXGroup;
			children = (
				2E2FE58B27F4175200938F33 /* ContentView.swift */,
				2E2FE5BA27F42D6300938F33 /* SpeedRecordView.swift */,
			);
			path = View;
			sourceTree = "<group>";
		};
/* End PBXGroup section */

/* Begin PBXNativeTarget section */
		2E2FE58527F4175200938F33 /* CarDrivingRecord */ = {
			isa = PBXNativeTarget;
			buildConfigurationList = 2E2FE59427F4175400938F33 /* Build configuration list for PBXNativeTarget "CarDrivingRecord" */;
			buildPhases = (
				2E2FE58227F4175200938F33 /* Sources */,
				2E2FE58327F4175200938F33 /* Frameworks */,
				2E2FE58427F4175200938F33 /* Resources */,
			);
			buildRules = (
			);
			dependencies = (
			);
			name = CarDrivingRecord;
			packageProductDependencies = (
				2E5A4C4327F456E50058AA1B /* SwiftUICharts */,
			);
			productName = CarDrivingRecord;
			productReference = 2E2FE58627F4175200938F33 /* CarDrivingRecord.app */;
			productType = "com.apple.product-type.application";
		};
/* End PBXNativeTarget section */

/* Begin PBXProject section */
		2E2FE57E27F4175200938F33 /* Project object */ = {
			isa = PBXProject;
			attributes = {
				BuildIndependentTargetsInParallel = 1;
				LastSwiftUpdateCheck = 1330;
				LastUpgradeCheck = 1330;
				TargetAttributes = {
					2E2FE58527F4175200938F33 = {
						CreatedOnToolsVersion = 13.3;
					};
				};
			};
			buildConfigurationList = 2E2FE58127F4175200938F33 /* Build configuration list for PBXProject "CarDrivingRecord" */;
			compatibilityVersion = "Xcode 13.0";
			developmentRegion = en;
			hasScannedForEncodings = 0;
			knownRegions = (
				en,
				Base,
			);
			mainGroup = 2E2FE57D27F4175200938F33;
			packageReferences = (
				2E5A4C4227F456E50058AA1B /* XCRemoteSwiftPackageReference "ChartView" */,
			);
			productRefGroup = 2E2FE58727F4175200938F33 /* Products */;
			projectDirPath = "";
			projectRoot = "";
			targets = (
				2E2FE58527F4175200938F33 /* CarDrivingRecord */,
			);
		};
/* End PBXProject section */

/* Begin PBXResourcesBuildPhase section */
		2E2FE58427F4175200938F33 /* Resources */ = {
			isa = PBXResourcesBuildPhase;
			buildActionMask = 2147483647;
			files = (
				2E2FE59127F4175400938F33 /* Preview Assets.xcassets in Resources */,
				2E2FE58E27F4175400938F33 /* Assets.xcassets in Resources */,
			);
			runOnlyForDeploymentPostprocessing = 0;
		};
/* End PBXResourcesBuildPhase section */

/* Begin PBXSourcesBuildPhase section */
		2E2FE58227F4175200938F33 /* Sources */ = {
			isa = PBXSourcesBuildPhase;
			buildActionMask = 2147483647;
			files = (
				2E2FE58C27F4175200938F33 /* ContentView.swift in Sources */,
				2E2FE59827F417C400938F33 /* LocationService.swift in Sources */,
				2E2FE59D27F41BF500938F33 /* ViewModel.swift in Sources */,
				2E2FE5BD27F42F7A00938F33 /* Model.swift in Sources */,
				2E2FE58A27F4175200938F33 /* CarDrivingRecordApp.swift in Sources */,
				2E2FE5BB27F42D6300938F33 /* SpeedRecordView.swift in Sources */,
			);
			runOnlyForDeploymentPostprocessing = 0;
		};
/* End PBXSourcesBuildPhase section */

/* Begin XCBuildConfiguration section */
		2E2FE59227F4175400938F33 /* Debug */ = {
			isa = XCBuildConfiguration;
			buildSettings = {
				ALWAYS_SEARCH_USER_PATHS = NO;
				CLANG_ANALYZER_NONNULL = YES;
				CLANG_ANALYZER_NUMBER_OBJECT_CONVERSION = YES_AGGRESSIVE;
				CLANG_CXX_LANGUAGE_STANDARD = "gnu++17";
				CLANG_ENABLE_MODULES = YES;
				CLANG_ENABLE_OBJC_ARC = YES;
				CLANG_ENABLE_OBJC_WEAK = YES;
				CLANG_WARN_BLOCK_CAPTURE_AUTORELEASING = YES;
				CLANG_WARN_BOOL_CONVERSION = YES;
				CLANG_WARN_COMMA = YES;
				CLANG_WARN_CONSTANT_CONVERSION = YES;
				CLANG_WARN_DEPRECATED_OBJC_IMPLEMENTATIONS = YES;
				CLANG_WARN_DIRECT_OBJC_ISA_USAGE = YES_ERROR;
				CLANG_WARN_DOCUMENTATION_COMMENTS = YES;
				CLANG_WARN_EMPTY_BODY = YES;
				CLANG_WARN_ENUM_CONVERSION = YES;
				CLANG_WARN_INFINITE_RECURSION = YES;
				CLANG_WARN_INT_CONVERSION = YES;
				CLANG_WARN_NON_LITERAL_NULL_CONVERSION = YES;
				CLANG_WARN_OBJC_IMPLICIT_RETAIN_SELF = YES;
				CLANG_WARN_OBJC_LITERAL_CONVERSION = YES;
				CLANG_WARN_OBJC_ROOT_CLASS = YES_ERROR;
				CLANG_WARN_QUOTED_INCLUDE_IN_FRAMEWORK_HEADER = YES;
				CLANG_WARN_RANGE_LOOP_ANALYSIS = YES;
				CLANG_WARN_STRICT_PROTOTYPES = YES;
				CLANG_WARN_SUSPICIOUS_MOVE = YES;
				CLANG_WARN_UNGUARDED_AVAILABILITY = YES_AGGRESSIVE;
				CLANG_WARN_UNREACHABLE_CODE = YES;
				CLANG_WARN__DUPLICATE_METHOD_MATCH = YES;
				COPY_PHASE_STRIP = NO;
				DEBUG_INFORMATION_FORMAT = dwarf;
				ENABLE_STRICT_OBJC_MSGSEND = YES;
				ENABLE_TESTABILITY = YES;
				GCC_C_LANGUAGE_STANDARD = gnu11;
				GCC_DYNAMIC_NO_PIC = NO;
				GCC_NO_COMMON_BLOCKS = YES;
				GCC_OPTIMIZATION_LEVEL = 0;
				GCC_PREPROCESSOR_DEFINITIONS = (
					"DEBUG=1",
					"$(inherited)",
				);
				GCC_WARN_64_TO_32_BIT_CONVERSION = YES;
				GCC_WARN_ABOUT_RETURN_TYPE = YES_ERROR;
				GCC_WARN_UNDECLARED_SELECTOR = YES;
				GCC_WARN_UNINITIALIZED_AUTOS = YES_AGGRESSIVE;
				GCC_WARN_UNUSED_FUNCTION = YES;
				GCC_WARN_UNUSED_VARIABLE = YES;
				IPHONEOS_DEPLOYMENT_TARGET = 15.4;
				MTL_ENABLE_DEBUG_INFO = INCLUDE_SOURCE;
				MTL_FAST_MATH = YES;
				ONLY_ACTIVE_ARCH = YES;
				SDKROOT = iphoneos;
				SWIFT_ACTIVE_COMPILATION_CONDITIONS = DEBUG;
				SWIFT_OPTIMIZATION_LEVEL = "-Onone";
			};
			name = Debug;
		};
		2E2FE59327F4175400938F33 /* Release */ = {
			isa = XCBuildConfiguration;
			buildSettings = {
				ALWAYS_SEARCH_USER_PATHS = NO;
				CLANG_ANALYZER_NONNULL = YES;
				CLANG_ANALYZER_NUMBER_OBJECT_CONVERSION = YES_AGGRESSIVE;
				CLANG_CXX_LANGUAGE_STANDARD = "gnu++17";
				CLANG_ENABLE_MODULES = YES;
				CLANG_ENABLE_OBJC_ARC = YES;
				CLANG_ENABLE_OBJC_WEAK = YES;
				CLANG_WARN_BLOCK_CAPTURE_AUTORELEASING = YES;
				CLANG_WARN_BOOL_CONVERSION = YES;
				CLANG_WARN_COMMA = YES;
				CLANG_WARN_CONSTANT_CONVERSION = YES;
				CLANG_WARN_DEPRECATED_OBJC_IMPLEMENTATIONS = YES;
				CLANG_WARN_DIRECT_OBJC_ISA_USAGE = YES_ERROR;
				CLANG_WARN_DOCUMENTATION_COMMENTS = YES;
				CLANG_WARN_EMPTY_BODY = YES;
				CLANG_WARN_ENUM_CONVERSION = YES;
				CLANG_WARN_INFINITE_RECURSION = YES;
				CLANG_WARN_INT_CONVERSION = YES;
				CLANG_WARN_NON_LITERAL_NULL_CONVERSION = YES;
				CLANG_WARN_OBJC_IMPLICIT_RETAIN_SELF = YES;
				CLANG_WARN_OBJC_LITERAL_CONVERSION = YES;
				CLANG_WARN_OBJC_ROOT_CLASS = YES_ERROR;
				CLANG_WARN_QUOTED_INCLUDE_IN_FRAMEWORK_HEADER = YES;
				CLANG_WARN_RANGE_LOOP_ANALYSIS = YES;
				CLANG_WARN_STRICT_PROTOTYPES = YES;
				CLANG_WARN_SUSPICIOUS_MOVE = YES;
				CLANG_WARN_UNGUARDED_AVAILABILITY = YES_AGGRESSIVE;
				CLANG_WARN_UNREACHABLE_CODE = YES;
				CLANG_WARN__DUPLICATE_METHOD_MATCH = YES;
				COPY_PHASE_STRIP = NO;
				DEBUG_INFORMATION_FORMAT = "dwarf-with-dsym";
				ENABLE_NS_ASSERTIONS = NO;
				ENABLE_STRICT_OBJC_MSGSEND = YES;
				GCC_C_LANGUAGE_STANDARD = gnu11;
				GCC_NO_COMMON_BLOCKS = YES;
				GCC_WARN_64_TO_32_BIT_CONVERSION = YES;
				GCC_WARN_ABOUT_RETURN_TYPE = YES_ERROR;
				GCC_WARN_UNDECLARED_SELECTOR = YES;
				GCC_WARN_UNINITIALIZED_AUTOS = YES_AGGRESSIVE;
				GCC_WARN_UNUSED_FUNCTION = YES;
				GCC_WARN_UNUSED_VARIABLE = YES;
				IPHONEOS_DEPLOYMENT_TARGET = 15.4;
				MTL_ENABLE_DEBUG_INFO = NO;
				MTL_FAST_MATH = YES;
				SDKROOT = iphoneos;
				SWIFT_COMPILATION_MODE = wholemodule;
				SWIFT_OPTIMIZATION_LEVEL = "-O";
				VALIDATE_PRODUCT = YES;
			};
			name = Release;
		};
		2E2FE59527F4175400938F33 /* Debug */ = {
			isa = XCBuildConfiguration;
			buildSettings = {
				ASSETCATALOG_COMPILER_APPICON_NAME = AppIcon;
				ASSETCATALOG_COMPILER_GLOBAL_ACCENT_COLOR_NAME = AccentColor;
				CODE_SIGN_STYLE = Automatic;
				CURRENT_PROJECT_VERSION = 1;
				DEVELOPMENT_ASSET_PATHS = "\"CarDrivingRecord/Preview Content\"";
				DEVELOPMENT_TEAM = 6CD3YBT565;
				ENABLE_PREVIEWS = YES;
				GENERATE_INFOPLIST_FILE = YES;
				INFOPLIST_FILE = CarDrivingRecord/Info.plist;
				INFOPLIST_KEY_NSLocationAlwaysAndWhenInUseUsageDescription = "";
				INFOPLIST_KEY_NSLocationWhenInUseUsageDescription = "";
				INFOPLIST_KEY_UIApplicationSceneManifest_Generation = YES;
				INFOPLIST_KEY_UIApplicationSupportsIndirectInputEvents = YES;
				INFOPLIST_KEY_UILaunchScreen_Generation = YES;
				INFOPLIST_KEY_UISupportedInterfaceOrientations_iPad = "UIInterfaceOrientationPortrait UIInterfaceOrientationPortraitUpsideDown UIInterfaceOrientationLandscapeLeft UIInterfaceOrientationLandscapeRight";
				INFOPLIST_KEY_UISupportedInterfaceOrientations_iPhone = "UIInterfaceOrientationPortrait UIInterfaceOrientationLandscapeLeft UIInterfaceOrientationLandscapeRight";
				LD_RUNPATH_SEARCH_PATHS = (
					"$(inherited)",
					"@executable_path/Frameworks",
				);
				MARKETING_VERSION = 1.0;
				PRODUCT_BUNDLE_IDENTIFIER = com.rope.CarDrivingRecord;
				PRODUCT_NAME = "$(TARGET_NAME)";
				SWIFT_EMIT_LOC_STRINGS = YES;
				SWIFT_VERSION = 5.0;
				TARGETED_DEVICE_FAMILY = 1;
			};
			name = Debug;
		};
		2E2FE59627F4175400938F33 /* Release */ = {
			isa = XCBuildConfiguration;
			buildSettings = {
				ASSETCATALOG_COMPILER_APPICON_NAME = AppIcon;
				ASSETCATALOG_COMPILER_GLOBAL_ACCENT_COLOR_NAME = AccentColor;
				CODE_SIGN_STYLE = Automatic;
				CURRENT_PROJECT_VERSION = 1;
				DEVELOPMENT_ASSET_PATHS = "\"CarDrivingRecord/Preview Content\"";
				DEVELOPMENT_TEAM = 6CD3YBT565;
				ENABLE_PREVIEWS = YES;
				GENERATE_INFOPLIST_FILE = YES;
				INFOPLIST_FILE = CarDrivingRecord/Info.plist;
				INFOPLIST_KEY_NSLocationAlwaysAndWhenInUseUsageDescription = "";
				INFOPLIST_KEY_NSLocationWhenInUseUsageDescription = "";
				INFOPLIST_KEY_UIApplicationSceneManifest_Generation = YES;
				INFOPLIST_KEY_UIApplicationSupportsIndirectInputEvents = YES;
				INFOPLIST_KEY_UILaunchScreen_Generation = YES;
				INFOPLIST_KEY_UISupportedInterfaceOrientations_iPad = "UIInterfaceOrientationPortrait UIInterfaceOrientationPortraitUpsideDown UIInterfaceOrientationLandscapeLeft UIInterfaceOrientationLandscapeRight";
				INFOPLIST_KEY_UISupportedInterfaceOrientations_iPhone = "UIInterfaceOrientationPortrait UIInterfaceOrientationLandscapeLeft UIInterfaceOrientationLandscapeRight";
				LD_RUNPATH_SEARCH_PATHS = (
					"$(inherited)",
					"@executable_path/Frameworks",
				);
				MARKETING_VERSION = 1.0;
				PRODUCT_BUNDLE_IDENTIFIER = com.rope.CarDrivingRecord;
				PRODUCT_NAME = "$(TARGET_NAME)";
				SWIFT_EMIT_LOC_STRINGS = YES;
				SWIFT_VERSION = 5.0;
				TARGETED_DEVICE_FAMILY = 1;
			};
			name = Release;
		};
/* End XCBuildConfiguration section */

/* Begin XCConfigurationList section */
		2E2FE58127F4175200938F33 /* Build configuration list for PBXProject "CarDrivingRecord" */ = {
			isa = XCConfigurationList;
			buildConfigurations = (
				2E2FE59227F4175400938F33 /* Debug */,
				2E2FE59327F4175400938F33 /* Release */,
			);
			defaultConfigurationIsVisible = 0;
			defaultConfigurationName = Release;
		};
		2E2FE59427F4175400938F33 /* Build configuration list for PBXNativeTarget "CarDrivingRecord" */ = {
			isa = XCConfigurationList;
			buildConfigurations = (
				2E2FE59527F4175400938F33 /* Debug */,
				2E2FE59627F4175400938F33 /* Release */,
			);
			defaultConfigurationIsVisible = 0;
			defaultConfigurationName = Release;
		};
/* End XCConfigurationList section */

/* Begin XCRemoteSwiftPackageReference section */
		2E5A4C4227F456E50058AA1B /* XCRemoteSwiftPackageReference "ChartView" */ = {
			isa = XCRemoteSwiftPackageReference;
			repositoryURL = "https://github.com/AppPear/ChartView";
			requirement = {
				kind = exactVersion;
				version = 1.5.5;
			};
		};
/* End XCRemoteSwiftPackageReference section */

/* Begin XCSwiftPackageProductDependency section */
		2E5A4C4327F456E50058AA1B /* SwiftUICharts */ = {
			isa = XCSwiftPackageProductDependency;
			package = 2E5A4C4227F456E50058AA1B /* XCRemoteSwiftPackageReference "ChartView" */;
			productName = SwiftUICharts;
		};
/* End XCSwiftPackageProductDependency section */
	};
	rootObject = 2E2FE57E27F4175200938F33 /* Project object */;
}
